
Microsoft Visual Studio Solution File, Format Version 12.00
# Visual Studio Version 17
VisualStudioVersion = 17.0.32014.148
MinimumVisualStudioVersion = 10.0.40219.1
Project("{FAE04EC0-301F-11D3-BF4B-00C04F79EFBC}") = "OnlineEDP", "OnlineEDP.csproj", "{C0BF27E4-97A8-41FD-8E3C-83D875618527}"
EndProject
Global
	GlobalSection(SolutionConfigurationPlatforms) = preSolution
		Debug|Any CPU = Debug|Any CPU
		Release|Any CPU = Release|Any CPU
	EndGlobalSection
	GlobalSection(ProjectConfigurationPlatforms) = postSolution
		{C0BF27E4-97A8-41FD-8E3C-83D875618527}.Debug|Any CPU.ActiveCfg = Debug|Any CPU
		{C0BF27E4-97A8-41FD-8E3C-83D875618527}.Debug|Any CPU.Build.0 = Debug|Any CPU
		{C0BF27E4-97A8-41FD-8E3C-83D875618527}.Release|Any CPU.ActiveCfg = Release|Any CPU
		{C0BF27E4-97A8-41FD-8E3C-83D875618527}.Release|Any CPU.Build.0 = Release|Any CPU
	EndGlobalSection
	GlobalSection(SolutionProperties) = preSolution
		HideSolutionNode = FALSE
	EndGlobalSection
	GlobalSection(ExtensibilityGlobals) = postSolution
		SolutionGuid = {1DCD76A5-B70B-44AC-855A-4E5DDF918477}
	EndGlobalSection
EndGlobal
